
Microsoft Visual Studio Solution File, Format Version 12.00
# Visual Studio Version 18
VisualStudioVersion = 18.5.11723.231 stable
MinimumVisualStudioVersion = 10.0.40219.1
Project("{FAE04EC0-301F-11D3-BF4B-00C04F79EFBC}") = "SchoolProject", "SchoolProject.csproj", "{53F27C20-486A-3F26-6D00-637CA91D8A4C}"
EndProject
Global
	GlobalSection(SolutionConfigurationPlatforms) = preSolution
		Debug|Any CPU = Debug|Any CPU
		Release|Any CPU = Release|Any CPU
	EndGlobalSection
	GlobalSection(ProjectConfigurationPlatforms) = postSolution
		{53F27C20-486A-3F26-6D00-637CA91D8A4C}.Debug|Any CPU.ActiveCfg = Debug|Any CPU
		{53F27C20-486A-3F26-6D00-637CA91D8A4C}.Debug|Any CPU.Build.0 = Debug|Any CPU
		{53F27C20-486A-3F26-6D00-637CA91D8A4C}.Release|Any CPU.ActiveCfg = Release|Any CPU
		{53F27C20-486A-3F26-6D00-637CA91D8A4C}.Release|Any CPU.Build.0 = Release|Any CPU
	EndGlobalSection
	GlobalSection(SolutionProperties) = preSolution
		HideSolutionNode = FALSE
	EndGlobalSection
	GlobalSection(ExtensibilityGlobals) = postSolution
		SolutionGuid = {6E04FF67-D083-47AE-AE7E-C6FACD6CE4AB}
	EndGlobalSection
EndGlobal
